
Microsoft Visual Studio Solution File, Format Version 12.00
# Visual Studio Version 17
VisualStudioVersion = 17.8.34511.84
MinimumVisualStudioVersion = 10.0.40219.1
Project("{FAE04EC0-301F-11D3-BF4B-00C04F79EFBC}") = "SimpleLedgerApp", "SimpleLedgerApp.csproj", "{0E9D5BB4-D81C-48C5-AC6E-E99441176C62}"
EndProject
Global
	GlobalSection(SolutionConfigurationPlatforms) = preSolution
		Debug|Any CPU = Debug|Any CPU
		Release|Any CPU = Release|Any CPU
	EndGlobalSection
	GlobalSection(ProjectConfigurationPlatforms) = postSolution
		{0E9D5BB4-D81C-48C5-AC6E-E99441176C62}.Debug|Any CPU.ActiveCfg = Debug|Any CPU
		{0E9D5BB4-D81C-48C5-AC6E-E99441176C62}.Debug|Any CPU.Build.0 = Debug|Any CPU
		{0E9D5BB4-D81C-48C5-AC6E-E99441176C62}.Release|Any CPU.ActiveCfg = Release|Any CPU
		{0E9D5BB4-D81C-48C5-AC6E-E99441176C62}.Release|Any CPU.Build.0 = Release|Any CPU
	EndGlobalSection
	GlobalSection(SolutionProperties) = preSolution
		HideSolutionNode = FALSE
	EndGlobalSection
	GlobalSection(ExtensibilityGlobals) = postSolution
		SolutionGuid = {07B3164A-9D93-4821-9786-8FE9CEA9F4E6}
	EndGlobalSection
EndGlobal
